// !$*UTF8*$!
{
	archiveVersion = 1;
	classes = {
	};
	objectVersion = 48;
	objects = {

/* Begin PBXBuildFile section */
		39053AC061F90E92F65E1BB0 /* Pods_Fiimpl_Finished.framework in Frameworks */ = {isa = PBXBuildFile; fileRef = 852C9194EA08529698E1B6E0 /* Pods_Fiimpl_Finished.framework */; };
		D9009DD620D0611C0020F2AE /* ExerciseBankViewController.swift in Sources */ = {isa = PBXBuildFile; fileRef = D9009DD520D0611C0020F2AE /* ExerciseBankViewController.swift */; };
		D965F7D220C9BF7C0063A09A /* AppDelegate.swift in Sources */ = {isa = PBXBuildFile; fileRef = D965F7D120C9BF7C0063A09A /* AppDelegate.swift */; };
		D965F7D720C9BF7C0063A09A /* Main.storyboard in Resources */ = {isa = PBXBuildFile; fileRef = D965F7D520C9BF7C0063A09A /* Main.storyboard */; };
		D965F7D920C9BF7C0063A09A /* Assets.xcassets in Resources */ = {isa = PBXBuildFile; fileRef = D965F7D820C9BF7C0063A09A /* Assets.xcassets */; };
		D965F7DC20C9BF7C0063A09A /* LaunchScreen.storyboard in Resources */ = {isa = PBXBuildFile; fileRef = D965F7DA20C9BF7C0063A09A /* LaunchScreen.storyboard */; };
		D985D6D020CE9F9D00C74D7F /* Model.swift in Sources */ = {isa = PBXBuildFile; fileRef = D985D6CF20CE9F9D00C74D7F /* Model.swift */; };
		D9AE060720CF14F800756881 /* HomeViewController.swift in Sources */ = {isa = PBXBuildFile; fileRef = D9AE060620CF14F800756881 /* HomeViewController.swift */; };
		D9B8FF6B20D1602A009A69FE /* AddExerciseViewController.swift in Sources */ = {isa = PBXBuildFile; fileRef = D9B8FF6A20D1602A009A69FE /* AddExerciseViewController.swift */; };
/* End PBXBuildFile section */

/* Begin PBXFileReference section */
		70EF25481F4F2D99FB9556D3 /* Pods-Fiimpl Finished.debug.xcconfig */ = {isa = PBXFileReference; includeInIndex = 1; lastKnownFileType = text.xcconfig; name = "Pods-Fiimpl Finished.debug.xcconfig"; path = "Pods/Target Support Files/Pods-Fiimpl Finished/Pods-Fiimpl Finished.debug.xcconfig"; sourceTree = "<group>"; };
		8250D5275F699554B7D521F0 /* Pods-Fiimpl Finished.release.xcconfig */ = {isa = PBXFileReference; includeInIndex = 1; lastKnownFileType = text.xcconfig; name = "Pods-Fiimpl Finished.release.xcconfig"; path = "Pods/Target Support Files/Pods-Fiimpl Finished/Pods-Fiimpl Finished.release.xcconfig"; sourceTree = "<group>"; };
		852C9194EA08529698E1B6E0 /* Pods_Fiimpl_Finished.framework */ = {isa = PBXFileReference; explicitFileType = wrapper.framework; includeInIndex = 0; path = Pods_Fiimpl_Finished.framework; sourceTree = BUILT_PRODUCTS_DIR; };
		D9009DD520D0611C0020F2AE /* ExerciseBankViewController.swift */ = {isa = PBXFileReference; lastKnownFileType = sourcecode.swift; path = ExerciseBankViewController.swift; sourceTree = "<group>"; };
		D965F7CE20C9BF7C0063A09A /* Fiimpl Finished.app */ = {isa = PBXFileReference; explicitFileType = wrapper.application; includeInIndex = 0; path = "Fiimpl Finished.app"; sourceTree = BUILT_PRODUCTS_DIR; };
		D965F7D120C9BF7C0063A09A /* AppDelegate.swift */ = {isa = PBXFileReference; lastKnownFileType = sourcecode.swift; path = AppDelegate.swift; sourceTree = "<group>"; };
		D965F7D620C9BF7C0063A09A /* Base */ = {isa = PBXFileReference; lastKnownFileType = file.storyboard; name = Base; path = Base.lproj/Main.storyboard; sourceTree = "<group>"; };
		D965F7D820C9BF7C0063A09A /* Assets.xcassets */ = {isa = PBXFileReference; lastKnownFileType = folder.assetcatalog; path = Assets.xcassets; sourceTree = "<group>"; };
		D965F7DB20C9BF7C0063A09A /* Base */ = {isa = PBXFileReference; lastKnownFileType = file.storyboard; name = Base; path = Base.lproj/LaunchScreen.storyboard; sourceTree = "<group>"; };
		D965F7DD20C9BF7C0063A09A /* Info.plist */ = {isa = PBXFileReference; lastKnownFileType = text.plist.xml; path = Info.plist; sourceTree = "<group>"; };
		D985D6CF20CE9F9D00C74D7F /* Model.swift */ = {isa = PBXFileReference; lastKnownFileType = sourcecode.swift; path = Model.swift; sourceTree = "<group>"; };
		D9AE060620CF14F800756881 /* HomeViewController.swift */ = {isa = PBXFileReference; lastKnownFileType = sourcecode.swift; path = HomeViewController.swift; sourceTree = "<group>"; };
		D9B8FF6A20D1602A009A69FE /* AddExerciseViewController.swift */ = {isa = PBXFileReference; lastKnownFileType = sourcecode.swift; path = AddExerciseViewController.swift; sourceTree = "<group>"; };
/* End PBXFileReference section */

/* Begin PBXFrameworksBuildPhase section */
		D965F7CB20C9BF7C0063A09A /* Frameworks */ = {
			isa = PBXFrameworksBuildPhase;
			buildActionMask = 2147483647;
			files = (
				39053AC061F90E92F65E1BB0 /* Pods_Fiimpl_Finished.framework in Frameworks */,
			);
			runOnlyForDeploymentPostprocessing = 0;
		};
/* End PBXFrameworksBuildPhase section */

/* Begin PBXGroup section */
		D7E4FC63D088E1FC43CA7EAF /* Frameworks */ = {
			isa = PBXGroup;
			children = (
				852C9194EA08529698E1B6E0 /* Pods_Fiimpl_Finished.framework */,
			);
			name = Frameworks;
			sourceTree = "<group>";
		};
		D965F7C520C9BF7C0063A09A = {
			isa = PBXGroup;
			children = (
				D965F7D020C9BF7C0063A09A /* Fiimpl Finished */,
				D965F7CF20C9BF7C0063A09A /* Products */,
				F016F3004B5362E9F73E57EC /* Pods */,
				D7E4FC63D088E1FC43CA7EAF /* Frameworks */,
			);
			sourceTree = "<group>";
		};
		D965F7CF20C9BF7C0063A09A /* Products */ = {
			isa = PBXGroup;
			children = (
				D965F7CE20C9BF7C0063A09A /* Fiimpl Finished.app */,
			);
			name = Products;
			sourceTree = "<group>";
		};
		D965F7D020C9BF7C0063A09A /* Fiimpl Finished */ = {
			isa = PBXGroup;
			children = (
				D985D6CE20CE9F8E00C74D7F /* Model */,
				D985D6CD20CE9F7600C74D7F /* Controllers */,
				D965F7D120C9BF7C0063A09A /* AppDelegate.swift */,
				D965F7D520C9BF7C0063A09A /* Main.storyboard */,
				D965F7D820C9BF7C0063A09A /* Assets.xcassets */,
				D965F7DA20C9BF7C0063A09A /* LaunchScreen.storyboard */,
				D965F7DD20C9BF7C0063A09A /* Info.plist */,
			);
			path = "Fiimpl Finished";
			sourceTree = "<group>";
		};
		D985D6CD20CE9F7600C74D7F /* Controllers */ = {
			isa = PBXGroup;
			children = (
				D9AE060620CF14F800756881 /* HomeViewController.swift */,
				D9009DD520D0611C0020F2AE /* ExerciseBankViewController.swift */,
				D9B8FF6A20D1602A009A69FE /* AddExerciseViewController.swift */,
			);
			path = Controllers;
			sourceTree = "<group>";
		};
		D985D6CE20CE9F8E00C74D7F /* Model */ = {
			isa = PBXGroup;
			children = (
				D985D6CF20CE9F9D00C74D7F /* Model.swift */,
			);
			path = Model;
			sourceTree = "<group>";
		};
		F016F3004B5362E9F73E57EC /* Pods */ = {
			isa = PBXGroup;
			children = (
				70EF25481F4F2D99FB9556D3 /* Pods-Fiimpl Finished.debug.xcconfig */,
				8250D5275F699554B7D521F0 /* Pods-Fiimpl Finished.release.xcconfig */,
			);
			name = Pods;
			sourceTree = "<group>";
		};
/* End PBXGroup section */

/* Begin PBXNativeTarget section */
		D965F7CD20C9BF7C0063A09A /* Fiimpl Finished */ = {
			isa = PBXNativeTarget;
			buildConfigurationList = D965F7E020C9BF7C0063A09A /* Build configuration list for PBXNativeTarget "Fiimpl Finished" */;
			buildPhases = (
				DAA2352C6D54983D432CB07F /* [CP] Check Pods Manifest.lock */,
				D965F7CA20C9BF7C0063A09A /* Sources */,
				D965F7CB20C9BF7C0063A09A /* Frameworks */,
				D965F7CC20C9BF7C0063A09A /* Resources */,
				38057E308D5832C0CA39F9B8 /* [CP] Embed Pods Frameworks */,
			);
			buildRules = (
			);
			dependencies = (
			);
			name = "Fiimpl Finished";
			productName = "Fiimpl Finished";
			productReference = D965F7CE20C9BF7C0063A09A /* Fiimpl Finished.app */;
			productType = "com.apple.product-type.application";
		};
/* End PBXNativeTarget section */

/* Begin PBXProject section */
		D965F7C620C9BF7C0063A09A /* Project object */ = {
			isa = PBXProject;
			attributes = {
				LastSwiftUpdateCheck = 0920;
				LastUpgradeCheck = 0920;
				ORGANIZATIONNAME = "Fiimpl Fitness";
				TargetAttributes = {
					D965F7CD20C9BF7C0063A09A = {
						CreatedOnToolsVersion = 9.2;
						ProvisioningStyle = Automatic;
					};
				};
			};
			buildConfigurationList = D965F7C920C9BF7C0063A09A /* Build configuration list for PBXProject "Fiimpl Finished" */;
			compatibilityVersion = "Xcode 8.0";
			developmentRegion = en;
			hasScannedForEncodings = 0;
			knownRegions = (
				en,
				Base,
			);
			mainGroup = D965F7C520C9BF7C0063A09A;
			productRefGroup = D965F7CF20C9BF7C0063A09A /* Products */;
			projectDirPath = "";
			projectRoot = "";
			targets = (
				D965F7CD20C9BF7C0063A09A /* Fiimpl Finished */,
			);
		};
/* End PBXProject section */

/* Begin PBXResourcesBuildPhase section */
		D965F7CC20C9BF7C0063A09A /* Resources */ = {
			isa = PBXResourcesBuildPhase;
			buildActionMask = 2147483647;
			files = (
				D965F7DC20C9BF7C0063A09A /* LaunchScreen.storyboard in Resources */,
				D965F7D920C9BF7C0063A09A /* Assets.xcassets in Resources */,
				D965F7D720C9BF7C0063A09A /* Main.storyboard in Resources */,
			);
			runOnlyForDeploymentPostprocessing = 0;
		};
/* End PBXResourcesBuildPhase section */

/* Begin PBXShellScriptBuildPhase section */
		38057E308D5832C0CA39F9B8 /* [CP] Embed Pods Frameworks */ = {
			isa = PBXShellScriptBuildPhase;
			buildActionMask = 2147483647;
			files = (
			);
			inputPaths = (
				"${SRCROOT}/Pods/Target Support Files/Pods-Fiimpl Finished/Pods-Fiimpl Finished-frameworks.sh",
				"${BUILT_PRODUCTS_DIR}/Realm/Realm.framework",
				"${BUILT_PRODUCTS_DIR}/RealmSwift/RealmSwift.framework",
			);
			name = "[CP] Embed Pods Frameworks";
			outputPaths = (
				"${TARGET_BUILD_DIR}/${FRAMEWORKS_FOLDER_PATH}/Realm.framework",
				"${TARGET_BUILD_DIR}/${FRAMEWORKS_FOLDER_PATH}/RealmSwift.framework",
			);
			runOnlyForDeploymentPostprocessing = 0;
			shellPath = /bin/sh;
			shellScript = "\"${SRCROOT}/Pods/Target Support Files/Pods-Fiimpl Finished/Pods-Fiimpl Finished-frameworks.sh\"\n";
			showEnvVarsInLog = 0;
		};
		DAA2352C6D54983D432CB07F /* [CP] Check Pods Manifest.lock */ = {
			isa = PBXShellScriptBuildPhase;
			buildActionMask = 2147483647;
			files = (
			);
			inputPaths = (
				"${PODS_PODFILE_DIR_PATH}/Podfile.lock",
				"${PODS_ROOT}/Manifest.lock",
			);
			name = "[CP] Check Pods Manifest.lock";
			outputPaths = (
				"$(DERIVED_FILE_DIR)/Pods-Fiimpl Finished-checkManifestLockResult.txt",
			);
			runOnlyForDeploymentPostprocessing = 0;
			shellPath = /bin/sh;
			shellScript = "diff \"${PODS_PODFILE_DIR_PATH}/Podfile.lock\" \"${PODS_ROOT}/Manifest.lock\" > /dev/null\nif [ $? != 0 ] ; then\n    # print error to STDERR\n    echo \"error: The sandbox is not in sync with the Podfile.lock. Run 'pod install' or update your CocoaPods installation.\" >&2\n    exit 1\nfi\n# This output is used by Xcode 'outputs' to avoid re-running this script phase.\necho \"SUCCESS\" > \"${SCRIPT_OUTPUT_FILE_0}\"\n";
			showEnvVarsInLog = 0;
		};
/* End PBXShellScriptBuildPhase section */

/* Begin PBXSourcesBuildPhase section */
		D965F7CA20C9BF7C0063A09A /* Sources */ = {
			isa = PBXSourcesBuildPhase;
			buildActionMask = 2147483647;
			files = (
				D9009DD620D0611C0020F2AE /* ExerciseBankViewController.swift in Sources */,
				D985D6D020CE9F9D00C74D7F /* Model.swift in Sources */,
				D9B8FF6B20D1602A009A69FE /* AddExerciseViewController.swift in Sources */,
				D965F7D220C9BF7C0063A09A /* AppDelegate.swift in Sources */,
				D9AE060720CF14F800756881 /* HomeViewController.swift in Sources */,
			);
			runOnlyForDeploymentPostprocessing = 0;
		};
/* End PBXSourcesBuildPhase section */

/* Begin PBXVariantGroup section */
		D965F7D520C9BF7C0063A09A /* Main.storyboard */ = {
			isa = PBXVariantGroup;
			children = (
				D965F7D620C9BF7C0063A09A /* Base */,
			);
			name = Main.storyboard;
			sourceTree = "<group>";
		};
		D965F7DA20C9BF7C0063A09A /* LaunchScreen.storyboard */ = {
			isa = PBXVariantGroup;
			children = (
				D965F7DB20C9BF7C0063A09A /* Base */,
			);
			name = LaunchScreen.storyboard;
			sourceTree = "<group>";
		};
/* End PBXVariantGroup section */

/* Begin XCBuildConfiguration section */
		D965F7DE20C9BF7C0063A09A /* Debug */ = {
			isa = XCBuildConfiguration;
			buildSettings = {
				ALWAYS_SEARCH_USER_PATHS = NO;
				CLANG_ANALYZER_NONNULL = YES;
				CLANG_ANALYZER_NUMBER_OBJECT_CONVERSION = YES_AGGRESSIVE;
				CLANG_CXX_LANGUAGE_STANDARD = "gnu++14";
				CLANG_CXX_LIBRARY = "libc++";
				CLANG_ENABLE_MODULES = YES;
				CLANG_ENABLE_OBJC_ARC = YES;
				CLANG_WARN_BLOCK_CAPTURE_AUTORELEASING = YES;
				CLANG_WARN_BOOL_CONVERSION = YES;
				CLANG_WARN_COMMA = YES;
				CLANG_WARN_CONSTANT_CONVERSION = YES;
				CLANG_WARN_DIRECT_OBJC_ISA_USAGE = YES_ERROR;
				CLANG_WARN_DOCUMENTATION_COMMENTS = YES;
				CLANG_WARN_EMPTY_BODY = YES;
				CLANG_WARN_ENUM_CONVERSION = YES;
				CLANG_WARN_INFINITE_RECURSION = YES;
				CLANG_WARN_INT_CONVERSION = YES;
				CLANG_WARN_NON_LITERAL_NULL_CONVERSION = YES;
				CLANG_WARN_OBJC_LITERAL_CONVERSION = YES;
				CLANG_WARN_OBJC_ROOT_CLASS = YES_ERROR;
				CLANG_WARN_RANGE_LOOP_ANALYSIS = YES;
				CLANG_WARN_STRICT_PROTOTYPES = YES;
				CLANG_WARN_SUSPICIOUS_MOVE = YES;
				CLANG_WARN_UNGUARDED_AVAILABILITY = YES_AGGRESSIVE;
				CLANG_WARN_UNREACHABLE_CODE = YES;
				CLANG_WARN__DUPLICATE_METHOD_MATCH = YES;
				CODE_SIGN_IDENTITY = "iPhone Developer";
				COPY_PHASE_STRIP = NO;
				DEBUG_INFORMATION_FORMAT = dwarf;
				ENABLE_STRICT_OBJC_MSGSEND = YES;
				ENABLE_TESTABILITY = YES;
				GCC_C_LANGUAGE_STANDARD = gnu11;
				GCC_DYNAMIC_NO_PIC = NO;
				GCC_NO_COMMON_BLOCKS = YES;
				GCC_OPTIMIZATION_LEVEL = 0;
				GCC_PREPROCESSOR_DEFINITIONS = (
					"DEBUG=1",
					"$(inherited)",
				);
				GCC_WARN_64_TO_32_BIT_CONVERSION = YES;
				GCC_WARN_ABOUT_RETURN_TYPE = YES_ERROR;
				GCC_WARN_UNDECLARED_SELECTOR = YES;
				GCC_WARN_UNINITIALIZED_AUTOS = YES_AGGRESSIVE;
				GCC_WARN_UNUSED_FUNCTION = YES;
				GCC_WARN_UNUSED_VARIABLE = YES;
				IPHONEOS_DEPLOYMENT_TARGET = 11.2;
				MTL_ENABLE_DEBUG_INFO = YES;
				ONLY_ACTIVE_ARCH = YES;
				SDKROOT = iphoneos;
				SWIFT_ACTIVE_COMPILATION_CONDITIONS = DEBUG;
				SWIFT_OPTIMIZATION_LEVEL = "-Onone";
			};
			name = Debug;
		};
		D965F7DF20C9BF7C0063A09A /* Release */ = {
			isa = XCBuildConfiguration;
			buildSettings = {
				ALWAYS_SEARCH_USER_PATHS = NO;
				CLANG_ANALYZER_NONNULL = YES;
				CLANG_ANALYZER_NUMBER_OBJECT_CONVERSION = YES_AGGRESSIVE;
				CLANG_CXX_LANGUAGE_STANDARD = "gnu++14";
				CLANG_CXX_LIBRARY = "libc++";
				CLANG_ENABLE_MODULES = YES;
				CLANG_ENABLE_OBJC_ARC = YES;
				CLANG_WARN_BLOCK_CAPTURE_AUTORELEASING = YES;
				CLANG_WARN_BOOL_CONVERSION = YES;
				CLANG_WARN_COMMA = YES;
				CLANG_WARN_CONSTANT_CONVERSION = YES;
				CLANG_WARN_DIRECT_OBJC_ISA_USAGE = YES_ERROR;
				CLANG_WARN_DOCUMENTATION_COMMENTS = YES;
				CLANG_WARN_EMPTY_BODY = YES;
				CLANG_WARN_ENUM_CONVERSION = YES;
				CLANG_WARN_INFINITE_RECURSION = YES;
				CLANG_WARN_INT_CONVERSION = YES;
				CLANG_WARN_NON_LITERAL_NULL_CONVERSION = YES;
				CLANG_WARN_OBJC_LITERAL_CONVERSION = YES;
				CLANG_WARN_OBJC_ROOT_CLASS = YES_ERROR;
				CLANG_WARN_RANGE_LOOP_ANALYSIS = YES;
				CLANG_WARN_STRICT_PROTOTYPES = YES;
				CLANG_WARN_SUSPICIOUS_MOVE = YES;
				CLANG_WARN_UNGUARDED_AVAILABILITY = YES_AGGRESSIVE;
				CLANG_WARN_UNREACHABLE_CODE = YES;
				CLANG_WARN__DUPLICATE_METHOD_MATCH = YES;
				CODE_SIGN_IDENTITY = "iPhone Developer";
				COPY_PHASE_STRIP = NO;
				DEBUG_INFORMATION_FORMAT = "dwarf-with-dsym";
				ENABLE_NS_ASSERTIONS = NO;
				ENABLE_STRICT_OBJC_MSGSEND = YES;
				GCC_C_LANGUAGE_STANDARD = gnu11;
				GCC_NO_COMMON_BLOCKS = YES;
				GCC_WARN_64_TO_32_BIT_CONVERSION = YES;
				GCC_WARN_ABOUT_RETURN_TYPE = YES_ERROR;
				GCC_WARN_UNDECLARED_SELECTOR = YES;
				GCC_WARN_UNINITIALIZED_AUTOS = YES_AGGRESSIVE;
				GCC_WARN_UNUSED_FUNCTION = YES;
				GCC_WARN_UNUSED_VARIABLE = YES;
				IPHONEOS_DEPLOYMENT_TARGET = 11.2;
				MTL_ENABLE_DEBUG_INFO = NO;
				SDKROOT = iphoneos;
				SWIFT_OPTIMIZATION_LEVEL = "-Owholemodule";
				VALIDATE_PRODUCT = YES;
			};
			name = Release;
		};
		D965F7E120C9BF7C0063A09A /* Debug */ = {
			isa = XCBuildConfiguration;
			baseConfigurationReference = 70EF25481F4F2D99FB9556D3 /* Pods-Fiimpl Finished.debug.xcconfig */;
			buildSettings = {
				ASSETCATALOG_COMPILER_APPICON_NAME = AppIcon;
				CODE_SIGN_STYLE = Automatic;
				DEVELOPMENT_TEAM = Z9RGXC23Y9;
				INFOPLIST_FILE = "Fiimpl Finished/Info.plist";
				LD_RUNPATH_SEARCH_PATHS = "$(inherited) @executable_path/Frameworks";
				PRODUCT_BUNDLE_IDENTIFIER = "com.FiimplFitness.Fiimpl-Finished";
				PRODUCT_NAME = "$(TARGET_NAME)";
				SWIFT_VERSION = 4.0;
				TARGETED_DEVICE_FAMILY = 1;
			};
			name = Debug;
		};
		D965F7E220C9BF7C0063A09A /* Release */ = {
			isa = XCBuildConfiguration;
			baseConfigurationReference = 8250D5275F699554B7D521F0 /* Pods-Fiimpl Finished.release.xcconfig */;
			buildSettings = {
				ASSETCATALOG_COMPILER_APPICON_NAME = AppIcon;
				CODE_SIGN_STYLE = Automatic;
				DEVELOPMENT_TEAM = Z9RGXC23Y9;
				INFOPLIST_FILE = "Fiimpl Finished/Info.plist";
				LD_RUNPATH_SEARCH_PATHS = "$(inherited) @executable_path/Frameworks";
				PRODUCT_BUNDLE_IDENTIFIER = "com.FiimplFitness.Fiimpl-Finished";
				PRODUCT_NAME = "$(TARGET_NAME)";
				SWIFT_VERSION = 4.0;
				TARGETED_DEVICE_FAMILY = 1;
			};
			name = Release;
		};
/* End XCBuildConfiguration section */

/* Begin XCConfigurationList section */
		D965F7C920C9BF7C0063A09A /* Build configuration list for PBXProject "Fiimpl Finished" */ = {
			isa = XCConfigurationList;
			buildConfigurations = (
				D965F7DE20C9BF7C0063A09A /* Debug */,
				D965F7DF20C9BF7C0063A09A /* Release */,
			);
			defaultConfigurationIsVisible = 0;
			defaultConfigurationName = Release;
		};
		D965F7E020C9BF7C0063A09A /* Build configuration list for PBXNativeTarget "Fiimpl Finished" */ = {
			isa = XCConfigurationList;
			buildConfigurations = (
				D965F7E120C9BF7C0063A09A /* Debug */,
				D965F7E220C9BF7C0063A09A /* Release */,
			);
			defaultConfigurationIsVisible = 0;
			defaultConfigurationName = Release;
		};
/* End XCConfigurationList section */
	};
	rootObject = D965F7C620C9BF7C0063A09A /* Project object */;
}
